// !$*UTF8*$!
{
	archiveVersion = 1;
	classes = {
	};
	objectVersion = 50;
	objects = {

/* Begin PBXBuildFile section */
		888211B0225D9B6D0090436A /* AppDelegate.swift in Sources */ = {isa = PBXBuildFile; fileRef = 888211AF225D9B6D0090436A /* AppDelegate.swift */; };
		888211B2225D9B6D0090436A /* ViewController.swift in Sources */ = {isa = PBXBuildFile; fileRef = 888211B1225D9B6D0090436A /* ViewController.swift */; };
		888211B5225D9B6D0090436A /* Main.storyboard in Resources */ = {isa = PBXBuildFile; fileRef = 888211B3225D9B6D0090436A /* Main.storyboard */; };
		888211B7225D9B6F0090436A /* Assets.xcassets in Resources */ = {isa = PBXBuildFile; fileRef = 888211B6225D9B6F0090436A /* Assets.xcassets */; };
		888211BA225D9B6F0090436A /* LaunchScreen.storyboard in Resources */ = {isa = PBXBuildFile; fileRef = 888211B8225D9B6F0090436A /* LaunchScreen.storyboard */; };
		888211C5225D9B6F0090436A /* HW4Tests.swift in Sources */ = {isa = PBXBuildFile; fileRef = 888211C4225D9B6F0090436A /* HW4Tests.swift */; };
		888211D0225D9B6F0090436A /* HW4UITests.swift in Sources */ = {isa = PBXBuildFile; fileRef = 888211CF225D9B6F0090436A /* HW4UITests.swift */; };
/* End PBXBuildFile section */

/* Begin PBXContainerItemProxy section */
		888211C1225D9B6F0090436A /* PBXContainerItemProxy */ = {
			isa = PBXContainerItemProxy;
			containerPortal = 888211A4225D9B6D0090436A /* Project object */;
			proxyType = 1;
			remoteGlobalIDString = 888211AB225D9B6D0090436A;
			remoteInfo = HW4;
		};
		888211CC225D9B6F0090436A /* PBXContainerItemProxy */ = {
			isa = PBXContainerItemProxy;
			containerPortal = 888211A4225D9B6D0090436A /* Project object */;
			proxyType = 1;
			remoteGlobalIDString = 888211AB225D9B6D0090436A;
			remoteInfo = HW4;
		};
/* End PBXContainerItemProxy section */

/* Begin PBXFileReference section */
		888211AC225D9B6D0090436A /* HW4.app */ = {isa = PBXFileReference; explicitFileType = wrapper.application; includeInIndex = 0; path = HW4.app; sourceTree = BUILT_PRODUCTS_DIR; };
		888211AF225D9B6D0090436A /* AppDelegate.swift */ = {isa = PBXFileReference; lastKnownFileType = sourcecode.swift; path = AppDelegate.swift; sourceTree = "<group>"; };
		888211B1225D9B6D0090436A /* ViewController.swift */ = {isa = PBXFileReference; lastKnownFileType = sourcecode.swift; path = ViewController.swift; sourceTree = "<group>"; };
		888211B4225D9B6D0090436A /* Base */ = {isa = PBXFileReference; lastKnownFileType = file.storyboard; name = Base; path = Base.lproj/Main.storyboard; sourceTree = "<group>"; };
		888211B6225D9B6F0090436A /* Assets.xcassets */ = {isa = PBXFileReference; lastKnownFileType = folder.assetcatalog; path = Assets.xcassets; sourceTree = "<group>"; };
		888211B9225D9B6F0090436A /* Base */ = {isa = PBXFileReference; lastKnownFileType = file.storyboard; name = Base; path = Base.lproj/LaunchScreen.storyboard; sourceTree = "<group>"; };
		888211BB225D9B6F0090436A /* Info.plist */ = {isa = PBXFileReference; lastKnownFileType = text.plist.xml; path = Info.plist; sourceTree = "<group>"; };
		888211C0225D9B6F0090436A /* HW4Tests.xctest */ = {isa = PBXFileReference; explicitFileType = wrapper.cfbundle; includeInIndex = 0; path = HW4Tests.xctest; sourceTree = BUILT_PRODUCTS_DIR; };
		888211C4225D9B6F0090436A /* HW4Tests.swift */ = {isa = PBXFileReference; lastKnownFileType = sourcecode.swift; path = HW4Tests.swift; sourceTree = "<group>"; };
		888211C6225D9B6F0090436A /* Info.plist */ = {isa = PBXFileReference; lastKnownFileType = text.plist.xml; path = Info.plist; sourceTree = "<group>"; };
		888211CB225D9B6F0090436A /* HW4UITests.xctest */ = {isa = PBXFileReference; explicitFileType = wrapper.cfbundle; includeInIndex = 0; path = HW4UITests.xctest; sourceTree = BUILT_PRODUCTS_DIR; };
		888211CF225D9B6F0090436A /* HW4UITests.swift */ = {isa = PBXFileReference; lastKnownFileType = sourcecode.swift; path = HW4UITests.swift; sourceTree = "<group>"; };
		888211D1225D9B6F0090436A /* Info.plist */ = {isa = PBXFileReference; lastKnownFileType = text.plist.xml; path = Info.plist; sourceTree = "<group>"; };
/* End PBXFileReference section */

/* Begin PBXFrameworksBuildPhase section */
		888211A9225D9B6D0090436A /* Frameworks */ = {
			isa = PBXFrameworksBuildPhase;
			buildActionMask = 2147483647;
			files = (
			);
			runOnlyForDeploymentPostprocessing = 0;
		};
		888211BD225D9B6F0090436A /* Frameworks */ = {
			isa = PBXFrameworksBuildPhase;
			buildActionMask = 2147483647;
			files = (
			);
			runOnlyForDeploymentPostprocessing = 0;
		};
		888211C8225D9B6F0090436A /* Frameworks */ = {
			isa = PBXFrameworksBuildPhase;
			buildActionMask = 2147483647;
			files = (
			);
			runOnlyForDeploymentPostprocessing = 0;
		};
/* End PBXFrameworksBuildPhase section */

/* Begin PBXGroup section */
		888211A3225D9B6D0090436A = {
			isa = PBXGroup;
			children = (
				888211AE225D9B6D0090436A /* HW4 */,
				888211C3225D9B6F0090436A /* HW4Tests */,
				888211CE225D9B6F0090436A /* HW4UITests */,
				888211AD225D9B6D0090436A /* Products */,
			);
			sourceTree = "<group>";
		};
		888211AD225D9B6D0090436A /* Products */ = {
			isa = PBXGroup;
			children = (
				888211AC225D9B6D0090436A /* HW4.app */,
				888211C0225D9B6F0090436A /* HW4Tests.xctest */,
				888211CB225D9B6F0090436A /* HW4UITests.xctest */,
			);
			name = Products;
			sourceTree = "<group>";
		};
		888211AE225D9B6D0090436A /* HW4 */ = {
			isa = PBXGroup;
			children = (
				888211AF225D9B6D0090436A /* AppDelegate.swift */,
				888211B1225D9B6D0090436A /* ViewController.swift */,
				888211B3225D9B6D0090436A /* Main.storyboard */,
				888211B6225D9B6F0090436A /* Assets.xcassets */,
				888211B8225D9B6F0090436A /* LaunchScreen.storyboard */,
				888211BB225D9B6F0090436A /* Info.plist */,
			);
			path = HW4;
			sourceTree = "<group>";
		};
		888211C3225D9B6F0090436A /* HW4Tests */ = {
			isa = PBXGroup;
			children = (
				888211C4225D9B6F0090436A /* HW4Tests.swift */,
				888211C6225D9B6F0090436A /* Info.plist */,
			);
			path = HW4Tests;
			sourceTree = "<group>";
		};
		888211CE225D9B6F0090436A /* HW4UITests */ = {
			isa = PBXGroup;
			children = (
				888211CF225D9B6F0090436A /* HW4UITests.swift */,
				888211D1225D9B6F0090436A /* Info.plist */,
			);
			path = HW4UITests;
			sourceTree = "<group>";
		};
/* End PBXGroup section */

/* Begin PBXNativeTarget section */
		888211AB225D9B6D0090436A /* HW4 */ = {
			isa = PBXNativeTarget;
			buildConfigurationList = 888211D4225D9B6F0090436A /* Build configuration list for PBXNativeTarget "HW4" */;
			buildPhases = (
				888211A8225D9B6D0090436A /* Sources */,
				888211A9225D9B6D0090436A /* Frameworks */,
				888211AA225D9B6D0090436A /* Resources */,
			);
			buildRules = (
			);
			dependencies = (
			);
			name = HW4;
			productName = HW4;
			productReference = 888211AC225D9B6D0090436A /* HW4.app */;
			productType = "com.apple.product-type.application";
		};
		888211BF225D9B6F0090436A /* HW4Tests */ = {
			isa = PBXNativeTarget;
			buildConfigurationList = 888211D7225D9B6F0090436A /* Build configuration list for PBXNativeTarget "HW4Tests" */;
			buildPhases = (
				888211BC225D9B6F0090436A /* Sources */,
				888211BD225D9B6F0090436A /* Frameworks */,
				888211BE225D9B6F0090436A /* Resources */,
			);
			buildRules = (
			);
			dependencies = (
				888211C2225D9B6F0090436A /* PBXTargetDependency */,
			);
			name = HW4Tests;
			productName = HW4Tests;
			productReference = 888211C0225D9B6F0090436A /* HW4Tests.xctest */;
			productType = "com.apple.product-type.bundle.unit-test";
		};
		888211CA225D9B6F0090436A /* HW4UITests */ = {
			isa = PBXNativeTarget;
			buildConfigurationList = 888211DA225D9B6F0090436A /* Build configuration list for PBXNativeTarget "HW4UITests" */;
			buildPhases = (
				888211C7225D9B6F0090436A /* Sources */,
				888211C8225D9B6F0090436A /* Frameworks */,
				888211C9225D9B6F0090436A /* Resources */,
			);
			buildRules = (
			);
			dependencies = (
				888211CD225D9B6F0090436A /* PBXTargetDependency */,
			);
			name = HW4UITests;
			productName = HW4UITests;
			productReference = 888211CB225D9B6F0090436A /* HW4UITests.xctest */;
			productType = "com.apple.product-type.bundle.ui-testing";
		};
/* End PBXNativeTarget section */

/* Begin PBXProject section */
		888211A4225D9B6D0090436A /* Project object */ = {
			isa = PBXProject;
			attributes = {
				LastSwiftUpdateCheck = 1010;
				LastUpgradeCheck = 1010;
				ORGANIZATIONNAME = "Cristian Holmes";
				TargetAttributes = {
					888211AB225D9B6D0090436A = {
						CreatedOnToolsVersion = 10.1;
					};
					888211BF225D9B6F0090436A = {
						CreatedOnToolsVersion = 10.1;
						TestTargetID = 888211AB225D9B6D0090436A;
					};
					888211CA225D9B6F0090436A = {
						CreatedOnToolsVersion = 10.1;
						TestTargetID = 888211AB225D9B6D0090436A;
					};
				};
			};
			buildConfigurationList = 888211A7225D9B6D0090436A /* Build configuration list for PBXProject "HW4" */;
			compatibilityVersion = "Xcode 9.3";
			developmentRegion = en;
			hasScannedForEncodings = 0;
			knownRegions = (
				en,
				Base,
			);
			mainGroup = 888211A3225D9B6D0090436A;
			productRefGroup = 888211AD225D9B6D0090436A /* Products */;
			projectDirPath = "";
			projectRoot = "";
			targets = (
				888211AB225D9B6D0090436A /* HW4 */,
				888211BF225D9B6F0090436A /* HW4Tests */,
				888211CA225D9B6F0090436A /* HW4UITests */,
			);
		};
/* End PBXProject section */

/* Begin PBXResourcesBuildPhase section */
		888211AA225D9B6D0090436A /* Resources */ = {
			isa = PBXResourcesBuildPhase;
			buildActionMask = 2147483647;
			files = (
				888211BA225D9B6F0090436A /* LaunchScreen.storyboard in Resources */,
				888211B7225D9B6F0090436A /* Assets.xcassets in Resources */,
				888211B5225D9B6D0090436A /* Main.storyboard in Resources */,
			);
			runOnlyForDeploymentPostprocessing = 0;
		};
		888211BE225D9B6F0090436A /* Resources */ = {
			isa = PBXResourcesBuildPhase;
			buildActionMask = 2147483647;
			files = (
			);
			runOnlyForDeploymentPostprocessing = 0;
		};
		888211C9225D9B6F0090436A /* Resources */ = {
			isa = PBXResourcesBuildPhase;
			buildActionMask = 2147483647;
			files = (
			);
			runOnlyForDeploymentPostprocessing = 0;
		};
/* End PBXResourcesBuildPhase section */

/* Begin PBXSourcesBuildPhase section */
		888211A8225D9B6D0090436A /* Sources */ = {
			isa = PBXSourcesBuildPhase;
			buildActionMask = 2147483647;
			files = (
				888211B2225D9B6D0090436A /* ViewController.swift in Sources */,
				888211B0225D9B6D0090436A /* AppDelegate.swift in Sources */,
			);
			runOnlyForDeploymentPostprocessing = 0;
		};
		888211BC225D9B6F0090436A /* Sources */ = {
			isa = PBXSourcesBuildPhase;
			buildActionMask = 2147483647;
			files = (
				888211C5225D9B6F0090436A /* HW4Tests.swift in Sources */,
			);
			runOnlyForDeploymentPostprocessing = 0;
		};
		888211C7225D9B6F0090436A /* Sources */ = {
			isa = PBXSourcesBuildPhase;
			buildActionMask = 2147483647;
			files = (
				888211D0225D9B6F0090436A /* HW4UITests.swift in Sources */,
			);
			runOnlyForDeploymentPostprocessing = 0;
		};
/* End PBXSourcesBuildPhase section */

/* Begin PBXTargetDependency section */
		888211C2225D9B6F0090436A /* PBXTargetDependency */ = {
			isa = PBXTargetDependency;
			target = 888211AB225D9B6D0090436A /* HW4 */;
			targetProxy = 888211C1225D9B6F0090436A /* PBXContainerItemProxy */;
		};
		888211CD225D9B6F0090436A /* PBXTargetDependency */ = {
			isa = PBXTargetDependency;
			target = 888211AB225D9B6D0090436A /* HW4 */;
			targetProxy = 888211CC225D9B6F0090436A /* PBXContainerItemProxy */;
		};
/* End PBXTargetDependency section */

/* Begin PBXVariantGroup section */
		888211B3225D9B6D0090436A /* Main.storyboard */ = {
			isa = PBXVariantGroup;
			children = (
				888211B4225D9B6D0090436A /* Base */,
			);
			name = Main.storyboard;
			sourceTree = "<group>";
		};
		888211B8225D9B6F0090436A /* LaunchScreen.storyboard */ = {
			isa = PBXVariantGroup;
			children = (
				888211B9225D9B6F0090436A /* Base */,
			);
			name = LaunchScreen.storyboard;
			sourceTree = "<group>";
		};
/* End PBXVariantGroup section */

/* Begin XCBuildConfiguration section */
		888211D2225D9B6F0090436A /* Debug */ = {
			isa = XCBuildConfiguration;
			buildSettings = {
				ALWAYS_SEARCH_USER_PATHS = NO;
				CLANG_ANALYZER_NONNULL = YES;
				CLANG_ANALYZER_NUMBER_OBJECT_CONVERSION = YES_AGGRESSIVE;
				CLANG_CXX_LANGUAGE_STANDARD = "gnu++14";
				CLANG_CXX_LIBRARY = "libc++";
				CLANG_ENABLE_MODULES = YES;
				CLANG_ENABLE_OBJC_ARC = YES;
				CLANG_ENABLE_OBJC_WEAK = YES;
				CLANG_WARN_BLOCK_CAPTURE_AUTORELEASING = YES;
				CLANG_WARN_BOOL_CONVERSION = YES;
				CLANG_WARN_COMMA = YES;
				CLANG_WARN_CONSTANT_CONVERSION = YES;
				CLANG_WARN_DEPRECATED_OBJC_IMPLEMENTATIONS = YES;
				CLANG_WARN_DIRECT_OBJC_ISA_USAGE = YES_ERROR;
				CLANG_WARN_DOCUMENTATION_COMMENTS = YES;
				CLANG_WARN_EMPTY_BODY = YES;
				CLANG_WARN_ENUM_CONVERSION = YES;
				CLANG_WARN_INFINITE_RECURSION = YES;
				CLANG_WARN_INT_CONVERSION = YES;
				CLANG_WARN_NON_LITERAL_NULL_CONVERSION = YES;
				CLANG_WARN_OBJC_IMPLICIT_RETAIN_SELF = YES;
				CLANG_WARN_OBJC_LITERAL_CONVERSION = YES;
				CLANG_WARN_OBJC_ROOT_CLASS = YES_ERROR;
				CLANG_WARN_RANGE_LOOP_ANALYSIS = YES;
				CLANG_WARN_STRICT_PROTOTYPES = YES;
				CLANG_WARN_SUSPICIOUS_MOVE = YES;
				CLANG_WARN_UNGUARDED_AVAILABILITY = YES_AGGRESSIVE;
				CLANG_WARN_UNREACHABLE_CODE = YES;
				CLANG_WARN__DUPLICATE_METHOD_MATCH = YES;
				CODE_SIGN_IDENTITY = "iPhone Developer";
				COPY_PHASE_STRIP = NO;
				DEBUG_INFORMATION_FORMAT = dwarf;
				ENABLE_STRICT_OBJC_MSGSEND = YES;
				ENABLE_TESTABILITY = YES;
				GCC_C_LANGUAGE_STANDARD = gnu11;
				GCC_DYNAMIC_NO_PIC = NO;
				GCC_NO_COMMON_BLOCKS = YES;
				GCC_OPTIMIZATION_LEVEL = 0;
				GCC_PREPROCESSOR_DEFINITIONS = (
					"DEBUG=1",
					"$(inherited)",
				);
				GCC_WARN_64_TO_32_BIT_CONVERSION = YES;
				GCC_WARN_ABOUT_RETURN_TYPE = YES_ERROR;
				GCC_WARN_UNDECLARED_SELECTOR = YES;
				GCC_WARN_UNINITIALIZED_AUTOS = YES_AGGRESSIVE;
				GCC_WARN_UNUSED_FUNCTION = YES;
				GCC_WARN_UNUSED_VARIABLE = YES;
				IPHONEOS_DEPLOYMENT_TARGET = 12.1;
				MTL_ENABLE_DEBUG_INFO = INCLUDE_SOURCE;
				MTL_FAST_MATH = YES;
				ONLY_ACTIVE_ARCH = YES;
				SDKROOT = iphoneos;
				SWIFT_ACTIVE_COMPILATION_CONDITIONS = DEBUG;
				SWIFT_OPTIMIZATION_LEVEL = "-Onone";
			};
			name = Debug;
		};
		888211D3225D9B6F0090436A /* Release */ = {
			isa = XCBuildConfiguration;
			buildSettings = {
				ALWAYS_SEARCH_USER_PATHS = NO;
				CLANG_ANALYZER_NONNULL = YES;
				CLANG_ANALYZER_NUMBER_OBJECT_CONVERSION = YES_AGGRESSIVE;
				CLANG_CXX_LANGUAGE_STANDARD = "gnu++14";
				CLANG_CXX_LIBRARY = "libc++";
				CLANG_ENABLE_MODULES = YES;
				CLANG_ENABLE_OBJC_ARC = YES;
				CLANG_ENABLE_OBJC_WEAK = YES;
				CLANG_WARN_BLOCK_CAPTURE_AUTORELEASING = YES;
				CLANG_WARN_BOOL_CONVERSION = YES;
				CLANG_WARN_COMMA = YES;
				CLANG_WARN_CONSTANT_CONVERSION = YES;
				CLANG_WARN_DEPRECATED_OBJC_IMPLEMENTATIONS = YES;
				CLANG_WARN_DIRECT_OBJC_ISA_USAGE = YES_ERROR;
				CLANG_WARN_DOCUMENTATION_COMMENTS = YES;
				CLANG_WARN_EMPTY_BODY = YES;
				CLANG_WARN_ENUM_CONVERSION = YES;
				CLANG_WARN_INFINITE_RECURSION = YES;
				CLANG_WARN_INT_CONVERSION = YES;
				CLANG_WARN_NON_LITERAL_NULL_CONVERSION = YES;
				CLANG_WARN_OBJC_IMPLICIT_RETAIN_SELF = YES;
				CLANG_WARN_OBJC_LITERAL_CONVERSION = YES;
				CLANG_WARN_OBJC_ROOT_CLASS = YES_ERROR;
				CLANG_WARN_RANGE_LOOP_ANALYSIS = YES;
				CLANG_WARN_STRICT_PROTOTYPES = YES;
				CLANG_WARN_SUSPICIOUS_MOVE = YES;
				CLANG_WARN_UNGUARDED_AVAILABILITY = YES_AGGRESSIVE;
				CLANG_WARN_UNREACHABLE_CODE = YES;
				CLANG_WARN__DUPLICATE_METHOD_MATCH = YES;
				CODE_SIGN_IDENTITY = "iPhone Developer";
				COPY_PHASE_STRIP = NO;
				DEBUG_INFORMATION_FORMAT = "dwarf-with-dsym";
				ENABLE_NS_ASSERTIONS = NO;
				ENABLE_STRICT_OBJC_MSGSEND = YES;
				GCC_C_LANGUAGE_STANDARD = gnu11;
				GCC_NO_COMMON_BLOCKS = YES;
				GCC_WARN_64_TO_32_BIT_CONVERSION = YES;
				GCC_WARN_ABOUT_RETURN_TYPE = YES_ERROR;
				GCC_WARN_UNDECLARED_SELECTOR = YES;
				GCC_WARN_UNINITIALIZED_AUTOS = YES_AGGRESSIVE;
				GCC_WARN_UNUSED_FUNCTION = YES;
				GCC_WARN_UNUSED_VARIABLE = YES;
				IPHONEOS_DEPLOYMENT_TARGET = 12.1;
				MTL_ENABLE_DEBUG_INFO = NO;
				MTL_FAST_MATH = YES;
				SDKROOT = iphoneos;
				SWIFT_COMPILATION_MODE = wholemodule;
				SWIFT_OPTIMIZATION_LEVEL = "-O";
				VALIDATE_PRODUCT = YES;
			};
			name = Release;
		};
		888211D5225D9B6F0090436A /* Debug */ = {
			isa = XCBuildConfiguration;
			buildSettings = {
				ASSETCATALOG_COMPILER_APPICON_NAME = AppIcon;
				CODE_SIGN_STYLE = Automatic;
				INFOPLIST_FILE = HW4/Info.plist;
				LD_RUNPATH_SEARCH_PATHS = (
					"$(inherited)",
					"@executable_path/Frameworks",
				);
				PRODUCT_BUNDLE_IDENTIFIER = MOBDEV2.HW4;
				PRODUCT_NAME = "$(TARGET_NAME)";
				SWIFT_VERSION = 4.2;
				TARGETED_DEVICE_FAMILY = "1,2";
			};
			name = Debug;
		};
		888211D6225D9B6F0090436A /* Release */ = {
			isa = XCBuildConfiguration;
			buildSettings = {
				ASSETCATALOG_COMPILER_APPICON_NAME = AppIcon;
				CODE_SIGN_STYLE = Automatic;
				INFOPLIST_FILE = HW4/Info.plist;
				LD_RUNPATH_SEARCH_PATHS = (
					"$(inherited)",
					"@executable_path/Frameworks",
				);
				PRODUCT_BUNDLE_IDENTIFIER = MOBDEV2.HW4;
				PRODUCT_NAME = "$(TARGET_NAME)";
				SWIFT_VERSION = 4.2;
				TARGETED_DEVICE_FAMILY = "1,2";
			};
			name = Release;
		};
		888211D8225D9B6F0090436A /* Debug */ = {
			isa = XCBuildConfiguration;
			buildSettings = {
				ALWAYS_EMBED_SWIFT_STANDARD_LIBRARIES = YES;
				BUNDLE_LOADER = "$(TEST_HOST)";
				CODE_SIGN_STYLE = Automatic;
				INFOPLIST_FILE = HW4Tests/Info.plist;
				LD_RUNPATH_SEARCH_PATHS = (
					"$(inherited)",
					"@executable_path/Frameworks",
					"@loader_path/Frameworks",
				);
				PRODUCT_BUNDLE_IDENTIFIER = MOBDEV2.HW4Tests;
				PRODUCT_NAME = "$(TARGET_NAME)";
				SWIFT_VERSION = 4.2;
				TARGETED_DEVICE_FAMILY = "1,2";
				TEST_HOST = "$(BUILT_PRODUCTS_DIR)/HW4.app/HW4";
			};
			name = Debug;
		};
		888211D9225D9B6F0090436A /* Release */ = {
			isa = XCBuildConfiguration;
			buildSettings = {
				ALWAYS_EMBED_SWIFT_STANDARD_LIBRARIES = YES;
				BUNDLE_LOADER = "$(TEST_HOST)";
				CODE_SIGN_STYLE = Automatic;
				INFOPLIST_FILE = HW4Tests/Info.plist;
				LD_RUNPATH_SEARCH_PATHS = (
					"$(inherited)",
					"@executable_path/Frameworks",
					"@loader_path/Frameworks",
				);
				PRODUCT_BUNDLE_IDENTIFIER = MOBDEV2.HW4Tests;
				PRODUCT_NAME = "$(TARGET_NAME)";
				SWIFT_VERSION = 4.2;
				TARGETED_DEVICE_FAMILY = "1,2";
				TEST_HOST = "$(BUILT_PRODUCTS_DIR)/HW4.app/HW4";
			};
			name = Release;
		};
		888211DB225D9B6F0090436A /* Debug */ = {
			isa = XCBuildConfiguration;
			buildSettings = {
				ALWAYS_EMBED_SWIFT_STANDARD_LIBRARIES = YES;
				CODE_SIGN_STYLE = Automatic;
				INFOPLIST_FILE = HW4UITests/Info.plist;
				LD_RUNPATH_SEARCH_PATHS = (
					"$(inherited)",
					"@executable_path/Frameworks",
					"@loader_path/Frameworks",
				);
				PRODUCT_BUNDLE_IDENTIFIER = MOBDEV2.HW4UITests;
				PRODUCT_NAME = "$(TARGET_NAME)";
				SWIFT_VERSION = 4.2;
				TARGETED_DEVICE_FAMILY = "1,2";
				TEST_TARGET_NAME = HW4;
			};
			name = Debug;
		};
		888211DC225D9B6F0090436A /* Release */ = {
			isa = XCBuildConfiguration;
			buildSettings = {
				ALWAYS_EMBED_SWIFT_STANDARD_LIBRARIES = YES;
				CODE_SIGN_STYLE = Automatic;
				INFOPLIST_FILE = HW4UITests/Info.plist;
				LD_RUNPATH_SEARCH_PATHS = (
					"$(inherited)",
					"@executable_path/Frameworks",
					"@loader_path/Frameworks",
				);
				PRODUCT_BUNDLE_IDENTIFIER = MOBDEV2.HW4UITests;
				PRODUCT_NAME = "$(TARGET_NAME)";
				SWIFT_VERSION = 4.2;
				TARGETED_DEVICE_FAMILY = "1,2";
				TEST_TARGET_NAME = HW4;
			};
			name = Release;
		};
/* End XCBuildConfiguration section */

/* Begin XCConfigurationList section */
		888211A7225D9B6D0090436A /* Build configuration list for PBXProject "HW4" */ = {
			isa = XCConfigurationList;
			buildConfigurations = (
				888211D2225D9B6F0090436A /* Debug */,
				888211D3225D9B6F0090436A /* Release */,
			);
			defaultConfigurationIsVisible = 0;
			defaultConfigurationName = Release;
		};
		888211D4225D9B6F0090436A /* Build configuration list for PBXNativeTarget "HW4" */ = {
			isa = XCConfigurationList;
			buildConfigurations = (
				888211D5225D9B6F0090436A /* Debug */,
				888211D6225D9B6F0090436A /* Release */,
			);
			defaultConfigurationIsVisible = 0;
			defaultConfigurationName = Release;
		};
		888211D7225D9B6F0090436A /* Build configuration list for PBXNativeTarget "HW4Tests" */ = {
			isa = XCConfigurationList;
			buildConfigurations = (
				888211D8225D9B6F0090436A /* Debug */,
				888211D9225D9B6F0090436A /* Release */,
			);
			defaultConfigurationIsVisible = 0;
			defaultConfigurationName = Release;
		};
		888211DA225D9B6F0090436A /* Build configuration list for PBXNativeTarget "HW4UITests" */ = {
			isa = XCConfigurationList;
			buildConfigurations = (
				888211DB225D9B6F0090436A /* Debug */,
				888211DC225D9B6F0090436A /* Release */,
			);
			defaultConfigurationIsVisible = 0;
			defaultConfigurationName = Release;
		};
/* End XCConfigurationList section */
	};
	rootObject = 888211A4225D9B6D0090436A /* Project object */;
}
